
Microsoft Visual Studio Solution File, Format Version 12.00
# Visual Studio Version 16
VisualStudioVersion = 16.0.34601.136
MinimumVisualStudioVersion = 10.0.40219.1
Project("{FAE04EC0-301F-11D3-BF4B-00C04F79EFBC}") = "tictakgame", "tictakgame\tictakgame.csproj", "{F800D530-07BE-4594-8F89-BD5C9963E7C1}"
EndProject
Global
	GlobalSection(SolutionConfigurationPlatforms) = preSolution
		Debug|Any CPU = Debug|Any CPU
		Release|Any CPU = Release|Any CPU
	EndGlobalSection
	GlobalSection(ProjectConfigurationPlatforms) = postSolution
		{F800D530-07BE-4594-8F89-BD5C9963E7C1}.Debug|Any CPU.ActiveCfg = Debug|Any CPU
		{F800D530-07BE-4594-8F89-BD5C9963E7C1}.Debug|Any CPU.Build.0 = Debug|Any CPU
		{F800D530-07BE-4594-8F89-BD5C9963E7C1}.Release|Any CPU.ActiveCfg = Release|Any CPU
		{F800D530-07BE-4594-8F89-BD5C9963E7C1}.Release|Any CPU.Build.0 = Release|Any CPU
	EndGlobalSection
	GlobalSection(SolutionProperties) = preSolution
		HideSolutionNode = FALSE
	EndGlobalSection
	GlobalSection(ExtensibilityGlobals) = postSolution
		SolutionGuid = {8FFDC5F3-BC05-4731-8091-F54808CBCE50}
	EndGlobalSection
EndGlobal
